# This file was autogenerated by Stack.
# You should not edit this file by hand.
# For more information, please see the documentation at:
#   https://docs.haskellstack.org/en/stable/lock_files

packages: []
snapshots:
- completed:
    sha256: d52a3167def8345125a2e381a3cbe0e87843e9ea21eca0391adb6ae73c43ddf5
    size: 556050
    url: https://raw.githubusercontent.com/commercialhaskell/stackage-snapshots/master/nightly/2024/1/11.yaml
  original: nightly-2024-01-11
